// !$*UTF8*$!
{
	archiveVersion = 1;
	classes = {
	};
	objectVersion = 56;
	objects = {

/* Begin PBXBuildFile section */
		4226160B2BF88849004A5537 /* NetworkRequestProtocol.swift in Sources */ = {isa = PBXBuildFile; fileRef = 4226160A2BF88849004A5537 /* NetworkRequestProtocol.swift */; };
		422616102BF91C77004A5537 /* NetworkPokemonProtocol.swift in Sources */ = {isa = PBXBuildFile; fileRef = 4226160F2BF91C77004A5537 /* NetworkPokemonProtocol.swift */; };
		422616122BF91CEC004A5537 /* RepositoryPokemon.swift in Sources */ = {isa = PBXBuildFile; fileRef = 422616112BF91CEC004A5537 /* RepositoryPokemon.swift */; };
		422616142BF91E1F004A5537 /* RepositoryNetworkPokemonProtocol.swift in Sources */ = {isa = PBXBuildFile; fileRef = 422616132BF91E1F004A5537 /* RepositoryNetworkPokemonProtocol.swift */; };
		422616172BF923FB004A5537 /* HomeView.swift in Sources */ = {isa = PBXBuildFile; fileRef = 422616162BF923FB004A5537 /* HomeView.swift */; };
		422616192BF92409004A5537 /* HomeViewModel.swift in Sources */ = {isa = PBXBuildFile; fileRef = 422616182BF92409004A5537 /* HomeViewModel.swift */; };
		4226161C2BF9C946004A5537 /* PokemonCellView.swift in Sources */ = {isa = PBXBuildFile; fileRef = 4226161B2BF9C946004A5537 /* PokemonCellView.swift */; };
		422616282BFA04AF004A5537 /* SwiftSVG in Frameworks */ = {isa = PBXBuildFile; productRef = 422616272BFA04AF004A5537 /* SwiftSVG */; };
		4226162F2BFB1375004A5537 /* SwiftSVG.swift in Sources */ = {isa = PBXBuildFile; fileRef = 4226162E2BFB1375004A5537 /* SwiftSVG.swift */; };
		429845C02BF5293100BF95DB /* Practica_DesarrolloSeguro_J_BuenoApp.swift in Sources */ = {isa = PBXBuildFile; fileRef = 429845BF2BF5293100BF95DB /* Practica_DesarrolloSeguro_J_BuenoApp.swift */; };
		429845C22BF5293100BF95DB /* ContentView.swift in Sources */ = {isa = PBXBuildFile; fileRef = 429845C12BF5293100BF95DB /* ContentView.swift */; };
		429845C42BF5293400BF95DB /* Assets.xcassets in Resources */ = {isa = PBXBuildFile; fileRef = 429845C32BF5293400BF95DB /* Assets.xcassets */; };
		429845C72BF5293400BF95DB /* Preview Assets.xcassets in Resources */ = {isa = PBXBuildFile; fileRef = 429845C62BF5293400BF95DB /* Preview Assets.xcassets */; };
		429845D52BF538F300BF95DB /* Pokemon.swift in Sources */ = {isa = PBXBuildFile; fileRef = 429845D42BF538F300BF95DB /* Pokemon.swift */; };
		429845D72BF5401600BF95DB /* PokemonList.swift in Sources */ = {isa = PBXBuildFile; fileRef = 429845D62BF5401600BF95DB /* PokemonList.swift */; };
		429845DF2BF5472800BF95DB /* ConstApp.swift in Sources */ = {isa = PBXBuildFile; fileRef = 429845DE2BF5472800BF95DB /* ConstApp.swift */; };
		429845E32BF5479B00BF95DB /* HTTPSEndpoints.swift in Sources */ = {isa = PBXBuildFile; fileRef = 429845E22BF5479B00BF95DB /* HTTPSEndpoints.swift */; };
		429845E52BF5484D00BF95DB /* HTTPResponseCodes.swift in Sources */ = {isa = PBXBuildFile; fileRef = 429845E42BF5484D00BF95DB /* HTTPResponseCodes.swift */; };
		429845E72BF5486B00BF95DB /* HTTPMethods.swift in Sources */ = {isa = PBXBuildFile; fileRef = 429845E62BF5486B00BF95DB /* HTTPMethods.swift */; };
		429845E92BF5488800BF95DB /* HTTPHeader.swift in Sources */ = {isa = PBXBuildFile; fileRef = 429845E82BF5488800BF95DB /* HTTPHeader.swift */; };
		429845EB2BF548AA00BF95DB /* NetworkError.swift in Sources */ = {isa = PBXBuildFile; fileRef = 429845EA2BF548AA00BF95DB /* NetworkError.swift */; };
		429845EF2BF548E000BF95DB /* NetworkRequest.swift in Sources */ = {isa = PBXBuildFile; fileRef = 429845EE2BF548E000BF95DB /* NetworkRequest.swift */; };
		429845F12BF54D5F00BF95DB /* NetworkPokemon.swift in Sources */ = {isa = PBXBuildFile; fileRef = 429845F02BF54D5F00BF95DB /* NetworkPokemon.swift */; };
		429845F42BF5CDBE00BF95DB /* URLResponse+Extension.swift in Sources */ = {isa = PBXBuildFile; fileRef = 429845F32BF5CDBE00BF95DB /* URLResponse+Extension.swift */; };
/* End PBXBuildFile section */

/* Begin PBXFileReference section */
		4226160A2BF88849004A5537 /* NetworkRequestProtocol.swift */ = {isa = PBXFileReference; lastKnownFileType = sourcecode.swift; path = NetworkRequestProtocol.swift; sourceTree = "<group>"; };
		4226160F2BF91C77004A5537 /* NetworkPokemonProtocol.swift */ = {isa = PBXFileReference; lastKnownFileType = sourcecode.swift; path = NetworkPokemonProtocol.swift; sourceTree = "<group>"; };
		422616112BF91CEC004A5537 /* RepositoryPokemon.swift */ = {isa = PBXFileReference; lastKnownFileType = sourcecode.swift; path = RepositoryPokemon.swift; sourceTree = "<group>"; };
		422616132BF91E1F004A5537 /* RepositoryNetworkPokemonProtocol.swift */ = {isa = PBXFileReference; lastKnownFileType = sourcecode.swift; path = RepositoryNetworkPokemonProtocol.swift; sourceTree = "<group>"; };
		422616162BF923FB004A5537 /* HomeView.swift */ = {isa = PBXFileReference; lastKnownFileType = sourcecode.swift; path = HomeView.swift; sourceTree = "<group>"; };
		422616182BF92409004A5537 /* HomeViewModel.swift */ = {isa = PBXFileReference; lastKnownFileType = sourcecode.swift; path = HomeViewModel.swift; sourceTree = "<group>"; };
		4226161B2BF9C946004A5537 /* PokemonCellView.swift */ = {isa = PBXFileReference; lastKnownFileType = sourcecode.swift; path = PokemonCellView.swift; sourceTree = "<group>"; };
		4226162E2BFB1375004A5537 /* SwiftSVG.swift */ = {isa = PBXFileReference; lastKnownFileType = sourcecode.swift; path = SwiftSVG.swift; sourceTree = "<group>"; };
		429845BC2BF5293100BF95DB /* Practica_DesarrolloSeguro_J.Bueno.app */ = {isa = PBXFileReference; explicitFileType = wrapper.application; includeInIndex = 0; path = Practica_DesarrolloSeguro_J.Bueno.app; sourceTree = BUILT_PRODUCTS_DIR; };
		429845BF2BF5293100BF95DB /* Practica_DesarrolloSeguro_J_BuenoApp.swift */ = {isa = PBXFileReference; lastKnownFileType = sourcecode.swift; path = Practica_DesarrolloSeguro_J_BuenoApp.swift; sourceTree = "<group>"; };
		429845C12BF5293100BF95DB /* ContentView.swift */ = {isa = PBXFileReference; lastKnownFileType = sourcecode.swift; path = ContentView.swift; sourceTree = "<group>"; };
		429845C32BF5293400BF95DB /* Assets.xcassets */ = {isa = PBXFileReference; lastKnownFileType = folder.assetcatalog; path = Assets.xcassets; sourceTree = "<group>"; };
		429845C62BF5293400BF95DB /* Preview Assets.xcassets */ = {isa = PBXFileReference; lastKnownFileType = folder.assetcatalog; path = "Preview Assets.xcassets"; sourceTree = "<group>"; };
		429845D42BF538F300BF95DB /* Pokemon.swift */ = {isa = PBXFileReference; lastKnownFileType = sourcecode.swift; path = Pokemon.swift; sourceTree = "<group>"; };
		429845D62BF5401600BF95DB /* PokemonList.swift */ = {isa = PBXFileReference; lastKnownFileType = sourcecode.swift; path = PokemonList.swift; sourceTree = "<group>"; };
		429845DE2BF5472800BF95DB /* ConstApp.swift */ = {isa = PBXFileReference; lastKnownFileType = sourcecode.swift; path = ConstApp.swift; sourceTree = "<group>"; };
		429845E22BF5479B00BF95DB /* HTTPSEndpoints.swift */ = {isa = PBXFileReference; lastKnownFileType = sourcecode.swift; path = HTTPSEndpoints.swift; sourceTree = "<group>"; };
		429845E42BF5484D00BF95DB /* HTTPResponseCodes.swift */ = {isa = PBXFileReference; lastKnownFileType = sourcecode.swift; path = HTTPResponseCodes.swift; sourceTree = "<group>"; };
		429845E62BF5486B00BF95DB /* HTTPMethods.swift */ = {isa = PBXFileReference; lastKnownFileType = sourcecode.swift; path = HTTPMethods.swift; sourceTree = "<group>"; };
		429845E82BF5488800BF95DB /* HTTPHeader.swift */ = {isa = PBXFileReference; lastKnownFileType = sourcecode.swift; path = HTTPHeader.swift; sourceTree = "<group>"; };
		429845EA2BF548AA00BF95DB /* NetworkError.swift */ = {isa = PBXFileReference; lastKnownFileType = sourcecode.swift; path = NetworkError.swift; sourceTree = "<group>"; };
		429845EE2BF548E000BF95DB /* NetworkRequest.swift */ = {isa = PBXFileReference; lastKnownFileType = sourcecode.swift; path = NetworkRequest.swift; sourceTree = "<group>"; };
		429845F02BF54D5F00BF95DB /* NetworkPokemon.swift */ = {isa = PBXFileReference; lastKnownFileType = sourcecode.swift; path = NetworkPokemon.swift; sourceTree = "<group>"; };
		429845F32BF5CDBE00BF95DB /* URLResponse+Extension.swift */ = {isa = PBXFileReference; lastKnownFileType = sourcecode.swift; path = "URLResponse+Extension.swift"; sourceTree = "<group>"; };
/* End PBXFileReference section */

/* Begin PBXFrameworksBuildPhase section */
		429845B92BF5293100BF95DB /* Frameworks */ = {
			isa = PBXFrameworksBuildPhase;
			buildActionMask = 2147483647;
			files = (
				422616282BFA04AF004A5537 /* SwiftSVG in Frameworks */,
			);
			runOnlyForDeploymentPostprocessing = 0;
		};
/* End PBXFrameworksBuildPhase section */

/* Begin PBXGroup section */
		4226160C2BF91A57004A5537 /* Repository */ = {
			isa = PBXGroup;
			children = (
				422616112BF91CEC004A5537 /* RepositoryPokemon.swift */,
			);
			path = Repository;
			sourceTree = "<group>";
		};
		422616152BF923EA004A5537 /* Home */ = {
			isa = PBXGroup;
			children = (
				4226161A2BF9C924004A5537 /* PokemonCellView */,
				422616162BF923FB004A5537 /* HomeView.swift */,
				422616182BF92409004A5537 /* HomeViewModel.swift */,
			);
			path = Home;
			sourceTree = "<group>";
		};
		4226161A2BF9C924004A5537 /* PokemonCellView */ = {
			isa = PBXGroup;
			children = (
				4226161B2BF9C946004A5537 /* PokemonCellView.swift */,
			);
			path = PokemonCellView;
			sourceTree = "<group>";
		};
		422616302BFBB7AD004A5537 /* New Group */ = {
			isa = PBXGroup;
			children = (
			);
			path = "New Group";
			sourceTree = "<group>";
		};
		429845B32BF5293100BF95DB = {
			isa = PBXGroup;
			children = (
				429845BE2BF5293100BF95DB /* Practica_DesarrolloSeguro_J.Bueno */,
				429845BD2BF5293100BF95DB /* Products */,
			);
			sourceTree = "<group>";
		};
		429845BD2BF5293100BF95DB /* Products */ = {
			isa = PBXGroup;
			children = (
				429845BC2BF5293100BF95DB /* Practica_DesarrolloSeguro_J.Bueno.app */,
			);
			name = Products;
			sourceTree = "<group>";
		};
		429845BE2BF5293100BF95DB /* Practica_DesarrolloSeguro_J.Bueno */ = {
			isa = PBXGroup;
			children = (
				429845D02BF52A0700BF95DB /* Presentation */,
				429845CE2BF529F700BF95DB /* Domain */,
				429845CF2BF529FD00BF95DB /* Data */,
				429845CD2BF529EB00BF95DB /* App */,
			);
			path = Practica_DesarrolloSeguro_J.Bueno;
			sourceTree = "<group>";
		};
		429845C52BF5293400BF95DB /* Preview Content */ = {
			isa = PBXGroup;
			children = (
				429845C62BF5293400BF95DB /* Preview Assets.xcassets */,
			);
			path = "Preview Content";
			sourceTree = "<group>";
		};
		429845CD2BF529EB00BF95DB /* App */ = {
			isa = PBXGroup;
			children = (
				429845C32BF5293400BF95DB /* Assets.xcassets */,
				429845BF2BF5293100BF95DB /* Practica_DesarrolloSeguro_J_BuenoApp.swift */,
			);
			path = App;
			sourceTree = "<group>";
		};
		429845CE2BF529F700BF95DB /* Domain */ = {
			isa = PBXGroup;
			children = (
				429845F22BF5CD9C00BF95DB /* Extensions */,
				429845DD2BF5471400BF95DB /* Tools */,
				429845D32BF538DD00BF95DB /* Models */,
				429845DA2BF545B100BF95DB /* Protocols */,
			);
			path = Domain;
			sourceTree = "<group>";
		};
		429845CF2BF529FD00BF95DB /* Data */ = {
			isa = PBXGroup;
			children = (
				4226160C2BF91A57004A5537 /* Repository */,
				429845DB2BF5463700BF95DB /* Network */,
			);
			path = Data;
			sourceTree = "<group>";
		};
		429845D02BF52A0700BF95DB /* Presentation */ = {
			isa = PBXGroup;
			children = (
				422616302BFBB7AD004A5537 /* New Group */,
				422616152BF923EA004A5537 /* Home */,
				429845C52BF5293400BF95DB /* Preview Content */,
				429845C12BF5293100BF95DB /* ContentView.swift */,
			);
			path = Presentation;
			sourceTree = "<group>";
		};
		429845D32BF538DD00BF95DB /* Models */ = {
			isa = PBXGroup;
			children = (
				429845D42BF538F300BF95DB /* Pokemon.swift */,
				429845D62BF5401600BF95DB /* PokemonList.swift */,
			);
			path = Models;
			sourceTree = "<group>";
		};
		429845DA2BF545B100BF95DB /* Protocols */ = {
			isa = PBXGroup;
			children = (
				4226160A2BF88849004A5537 /* NetworkRequestProtocol.swift */,
				4226160F2BF91C77004A5537 /* NetworkPokemonProtocol.swift */,
				422616132BF91E1F004A5537 /* RepositoryNetworkPokemonProtocol.swift */,
			);
			path = Protocols;
			sourceTree = "<group>";
		};
		429845DB2BF5463700BF95DB /* Network */ = {
			isa = PBXGroup;
			children = (
				429845DC2BF5468E00BF95DB /* BaseNetwork */,
				429845EE2BF548E000BF95DB /* NetworkRequest.swift */,
				429845F02BF54D5F00BF95DB /* NetworkPokemon.swift */,
			);
			path = Network;
			sourceTree = "<group>";
		};
		429845DC2BF5468E00BF95DB /* BaseNetwork */ = {
			isa = PBXGroup;
			children = (
				429845E22BF5479B00BF95DB /* HTTPSEndpoints.swift */,
				429845E42BF5484D00BF95DB /* HTTPResponseCodes.swift */,
				429845E62BF5486B00BF95DB /* HTTPMethods.swift */,
				429845E82BF5488800BF95DB /* HTTPHeader.swift */,
				429845EA2BF548AA00BF95DB /* NetworkError.swift */,
			);
			path = BaseNetwork;
			sourceTree = "<group>";
		};
		429845DD2BF5471400BF95DB /* Tools */ = {
			isa = PBXGroup;
			children = (
				429845DE2BF5472800BF95DB /* ConstApp.swift */,
				4226162E2BFB1375004A5537 /* SwiftSVG.swift */,
			);
			path = Tools;
			sourceTree = "<group>";
		};
		429845F22BF5CD9C00BF95DB /* Extensions */ = {
			isa = PBXGroup;
			children = (
				429845F32BF5CDBE00BF95DB /* URLResponse+Extension.swift */,
			);
			path = Extensions;
			sourceTree = "<group>";
		};
/* End PBXGroup section */

/* Begin PBXNativeTarget section */
		429845BB2BF5293100BF95DB /* Practica_DesarrolloSeguro_J.Bueno */ = {
			isa = PBXNativeTarget;
			buildConfigurationList = 429845CA2BF5293400BF95DB /* Build configuration list for PBXNativeTarget "Practica_DesarrolloSeguro_J.Bueno" */;
			buildPhases = (
				429845B82BF5293100BF95DB /* Sources */,
				429845B92BF5293100BF95DB /* Frameworks */,
				429845BA2BF5293100BF95DB /* Resources */,
			);
			buildRules = (
			);
			dependencies = (
			);
			name = Practica_DesarrolloSeguro_J.Bueno;
			packageProductDependencies = (
				422616272BFA04AF004A5537 /* SwiftSVG */,
			);
			productName = Practica_DesarrolloSeguro_J.Bueno;
			productReference = 429845BC2BF5293100BF95DB /* Practica_DesarrolloSeguro_J.Bueno.app */;
			productType = "com.apple.product-type.application";
		};
/* End PBXNativeTarget section */

/* Begin PBXProject section */
		429845B42BF5293100BF95DB /* Project object */ = {
			isa = PBXProject;
			attributes = {
				BuildIndependentTargetsInParallel = 1;
				LastSwiftUpdateCheck = 1530;
				LastUpgradeCheck = 1530;
				TargetAttributes = {
					429845BB2BF5293100BF95DB = {
						CreatedOnToolsVersion = 15.3;
					};
				};
			};
			buildConfigurationList = 429845B72BF5293100BF95DB /* Build configuration list for PBXProject "Practica_DesarrolloSeguro_J.Bueno" */;
			compatibilityVersion = "Xcode 14.0";
			developmentRegion = en;
			hasScannedForEncodings = 0;
			knownRegions = (
				en,
				Base,
			);
			mainGroup = 429845B32BF5293100BF95DB;
			packageReferences = (
				422616262BFA04AF004A5537 /* XCRemoteSwiftPackageReference "SwiftSVG" */,
			);
			productRefGroup = 429845BD2BF5293100BF95DB /* Products */;
			projectDirPath = "";
			projectRoot = "";
			targets = (
				429845BB2BF5293100BF95DB /* Practica_DesarrolloSeguro_J.Bueno */,
			);
		};
/* End PBXProject section */

/* Begin PBXResourcesBuildPhase section */
		429845BA2BF5293100BF95DB /* Resources */ = {
			isa = PBXResourcesBuildPhase;
			buildActionMask = 2147483647;
			files = (
				429845C72BF5293400BF95DB /* Preview Assets.xcassets in Resources */,
				429845C42BF5293400BF95DB /* Assets.xcassets in Resources */,
			);
			runOnlyForDeploymentPostprocessing = 0;
		};
/* End PBXResourcesBuildPhase section */

/* Begin PBXSourcesBuildPhase section */
		429845B82BF5293100BF95DB /* Sources */ = {
			isa = PBXSourcesBuildPhase;
			buildActionMask = 2147483647;
			files = (
				422616192BF92409004A5537 /* HomeViewModel.swift in Sources */,
				429845E92BF5488800BF95DB /* HTTPHeader.swift in Sources */,
				429845E72BF5486B00BF95DB /* HTTPMethods.swift in Sources */,
				422616102BF91C77004A5537 /* NetworkPokemonProtocol.swift in Sources */,
				429845E52BF5484D00BF95DB /* HTTPResponseCodes.swift in Sources */,
				429845DF2BF5472800BF95DB /* ConstApp.swift in Sources */,
				4226160B2BF88849004A5537 /* NetworkRequestProtocol.swift in Sources */,
				429845C22BF5293100BF95DB /* ContentView.swift in Sources */,
				422616142BF91E1F004A5537 /* RepositoryNetworkPokemonProtocol.swift in Sources */,
				429845D72BF5401600BF95DB /* PokemonList.swift in Sources */,
				422616172BF923FB004A5537 /* HomeView.swift in Sources */,
				429845F12BF54D5F00BF95DB /* NetworkPokemon.swift in Sources */,
				429845C02BF5293100BF95DB /* Practica_DesarrolloSeguro_J_BuenoApp.swift in Sources */,
				429845E32BF5479B00BF95DB /* HTTPSEndpoints.swift in Sources */,
				422616122BF91CEC004A5537 /* RepositoryPokemon.swift in Sources */,
				429845F42BF5CDBE00BF95DB /* URLResponse+Extension.swift in Sources */,
				4226161C2BF9C946004A5537 /* PokemonCellView.swift in Sources */,
				429845D52BF538F300BF95DB /* Pokemon.swift in Sources */,
				429845EF2BF548E000BF95DB /* NetworkRequest.swift in Sources */,
				4226162F2BFB1375004A5537 /* SwiftSVG.swift in Sources */,
				429845EB2BF548AA00BF95DB /* NetworkError.swift in Sources */,
			);
			runOnlyForDeploymentPostprocessing = 0;
		};
/* End PBXSourcesBuildPhase section */

/* Begin XCBuildConfiguration section */
		429845C82BF5293400BF95DB /* Debug */ = {
			isa = XCBuildConfiguration;
			buildSettings = {
				ALWAYS_SEARCH_USER_PATHS = NO;
				ASSETCATALOG_COMPILER_GENERATE_SWIFT_ASSET_SYMBOL_EXTENSIONS = YES;
				CLANG_ANALYZER_NONNULL = YES;
				CLANG_ANALYZER_NUMBER_OBJECT_CONVERSION = YES_AGGRESSIVE;
				CLANG_CXX_LANGUAGE_STANDARD = "gnu++20";
				CLANG_ENABLE_MODULES = YES;
				CLANG_ENABLE_OBJC_ARC = YES;
				CLANG_ENABLE_OBJC_WEAK = YES;
				CLANG_WARN_BLOCK_CAPTURE_AUTORELEASING = YES;
				CLANG_WARN_BOOL_CONVERSION = YES;
				CLANG_WARN_COMMA = YES;
				CLANG_WARN_CONSTANT_CONVERSION = YES;
				CLANG_WARN_DEPRECATED_OBJC_IMPLEMENTATIONS = YES;
				CLANG_WARN_DIRECT_OBJC_ISA_USAGE = YES_ERROR;
				CLANG_WARN_DOCUMENTATION_COMMENTS = YES;
				CLANG_WARN_EMPTY_BODY = YES;
				CLANG_WARN_ENUM_CONVERSION = YES;
				CLANG_WARN_INFINITE_RECURSION = YES;
				CLANG_WARN_INT_CONVERSION = YES;
				CLANG_WARN_NON_LITERAL_NULL_CONVERSION = YES;
				CLANG_WARN_OBJC_IMPLICIT_RETAIN_SELF = YES;
				CLANG_WARN_OBJC_LITERAL_CONVERSION = YES;
				CLANG_WARN_OBJC_ROOT_CLASS = YES_ERROR;
				CLANG_WARN_QUOTED_INCLUDE_IN_FRAMEWORK_HEADER = YES;
				CLANG_WARN_RANGE_LOOP_ANALYSIS = YES;
				CLANG_WARN_STRICT_PROTOTYPES = YES;
				CLANG_WARN_SUSPICIOUS_MOVE = YES;
				CLANG_WARN_UNGUARDED_AVAILABILITY = YES_AGGRESSIVE;
				CLANG_WARN_UNREACHABLE_CODE = YES;
				CLANG_WARN__DUPLICATE_METHOD_MATCH = YES;
				COPY_PHASE_STRIP = NO;
				DEBUG_INFORMATION_FORMAT = dwarf;
				ENABLE_STRICT_OBJC_MSGSEND = YES;
				ENABLE_TESTABILITY = YES;
				ENABLE_USER_SCRIPT_SANDBOXING = YES;
				GCC_C_LANGUAGE_STANDARD = gnu17;
				GCC_DYNAMIC_NO_PIC = NO;
				GCC_NO_COMMON_BLOCKS = YES;
				GCC_OPTIMIZATION_LEVEL = 0;
				GCC_PREPROCESSOR_DEFINITIONS = (
					"DEBUG=1",
					"$(inherited)",
				);
				GCC_WARN_64_TO_32_BIT_CONVERSION = YES;
				GCC_WARN_ABOUT_RETURN_TYPE = YES_ERROR;
				GCC_WARN_UNDECLARED_SELECTOR = YES;
				GCC_WARN_UNINITIALIZED_AUTOS = YES_AGGRESSIVE;
				GCC_WARN_UNUSED_FUNCTION = YES;
				GCC_WARN_UNUSED_VARIABLE = YES;
				IPHONEOS_DEPLOYMENT_TARGET = 17.4;
				LOCALIZATION_PREFERS_STRING_CATALOGS = YES;
				MTL_ENABLE_DEBUG_INFO = INCLUDE_SOURCE;
				MTL_FAST_MATH = YES;
				ONLY_ACTIVE_ARCH = YES;
				SDKROOT = iphoneos;
				SWIFT_ACTIVE_COMPILATION_CONDITIONS = "DEBUG $(inherited)";
				SWIFT_OPTIMIZATION_LEVEL = "-Onone";
			};
			name = Debug;
		};
		429845C92BF5293400BF95DB /* Release */ = {
			isa = XCBuildConfiguration;
			buildSettings = {
				ALWAYS_SEARCH_USER_PATHS = NO;
				ASSETCATALOG_COMPILER_GENERATE_SWIFT_ASSET_SYMBOL_EXTENSIONS = YES;
				CLANG_ANALYZER_NONNULL = YES;
				CLANG_ANALYZER_NUMBER_OBJECT_CONVERSION = YES_AGGRESSIVE;
				CLANG_CXX_LANGUAGE_STANDARD = "gnu++20";
				CLANG_ENABLE_MODULES = YES;
				CLANG_ENABLE_OBJC_ARC = YES;
				CLANG_ENABLE_OBJC_WEAK = YES;
				CLANG_WARN_BLOCK_CAPTURE_AUTORELEASING = YES;
				CLANG_WARN_BOOL_CONVERSION = YES;
				CLANG_WARN_COMMA = YES;
				CLANG_WARN_CONSTANT_CONVERSION = YES;
				CLANG_WARN_DEPRECATED_OBJC_IMPLEMENTATIONS = YES;
				CLANG_WARN_DIRECT_OBJC_ISA_USAGE = YES_ERROR;
				CLANG_WARN_DOCUMENTATION_COMMENTS = YES;
				CLANG_WARN_EMPTY_BODY = YES;
				CLANG_WARN_ENUM_CONVERSION = YES;
				CLANG_WARN_INFINITE_RECURSION = YES;
				CLANG_WARN_INT_CONVERSION = YES;
				CLANG_WARN_NON_LITERAL_NULL_CONVERSION = YES;
				CLANG_WARN_OBJC_IMPLICIT_RETAIN_SELF = YES;
				CLANG_WARN_OBJC_LITERAL_CONVERSION = YES;
				CLANG_WARN_OBJC_ROOT_CLASS = YES_ERROR;
				CLANG_WARN_QUOTED_INCLUDE_IN_FRAMEWORK_HEADER = YES;
				CLANG_WARN_RANGE_LOOP_ANALYSIS = YES;
				CLANG_WARN_STRICT_PROTOTYPES = YES;
				CLANG_WARN_SUSPICIOUS_MOVE = YES;
				CLANG_WARN_UNGUARDED_AVAILABILITY = YES_AGGRESSIVE;
				CLANG_WARN_UNREACHABLE_CODE = YES;
				CLANG_WARN__DUPLICATE_METHOD_MATCH = YES;
				COPY_PHASE_STRIP = NO;
				DEBUG_INFORMATION_FORMAT = "dwarf-with-dsym";
				ENABLE_NS_ASSERTIONS = NO;
				ENABLE_STRICT_OBJC_MSGSEND = YES;
				ENABLE_USER_SCRIPT_SANDBOXING = YES;
				GCC_C_LANGUAGE_STANDARD = gnu17;
				GCC_NO_COMMON_BLOCKS = YES;
				GCC_WARN_64_TO_32_BIT_CONVERSION = YES;
				GCC_WARN_ABOUT_RETURN_TYPE = YES_ERROR;
				GCC_WARN_UNDECLARED_SELECTOR = YES;
				GCC_WARN_UNINITIALIZED_AUTOS = YES_AGGRESSIVE;
				GCC_WARN_UNUSED_FUNCTION = YES;
				GCC_WARN_UNUSED_VARIABLE = YES;
				IPHONEOS_DEPLOYMENT_TARGET = 17.4;
				LOCALIZATION_PREFERS_STRING_CATALOGS = YES;
				MTL_ENABLE_DEBUG_INFO = NO;
				MTL_FAST_MATH = YES;
				SDKROOT = iphoneos;
				SWIFT_COMPILATION_MODE = wholemodule;
				VALIDATE_PRODUCT = YES;
			};
			name = Release;
		};
		429845CB2BF5293400BF95DB /* Debug */ = {
			isa = XCBuildConfiguration;
			buildSettings = {
				ASSETCATALOG_COMPILER_APPICON_NAME = AppIcon;
				ASSETCATALOG_COMPILER_GLOBAL_ACCENT_COLOR_NAME = AccentColor;
				CODE_SIGN_STYLE = Automatic;
				CURRENT_PROJECT_VERSION = 1;
				DEVELOPMENT_ASSET_PATHS = "\"Practica_DesarrolloSeguro_J.Bueno/Presentation/Preview Content\"";
				DEVELOPMENT_TEAM = L6V6H2LAL2;
				ENABLE_PREVIEWS = YES;
				GENERATE_INFOPLIST_FILE = YES;
				INFOPLIST_KEY_UIApplicationSceneManifest_Generation = YES;
				INFOPLIST_KEY_UIApplicationSupportsIndirectInputEvents = YES;
				INFOPLIST_KEY_UILaunchScreen_Generation = YES;
				INFOPLIST_KEY_UISupportedInterfaceOrientations_iPad = "UIInterfaceOrientationPortrait UIInterfaceOrientationPortraitUpsideDown UIInterfaceOrientationLandscapeLeft UIInterfaceOrientationLandscapeRight";
				INFOPLIST_KEY_UISupportedInterfaceOrientations_iPhone = "UIInterfaceOrientationPortrait UIInterfaceOrientationLandscapeLeft UIInterfaceOrientationLandscapeRight";
				LD_RUNPATH_SEARCH_PATHS = (
					"$(inherited)",
					"@executable_path/Frameworks",
				);
				MARKETING_VERSION = 1.0;
				PRODUCT_BUNDLE_IDENTIFIER = "J.B.C..Practica-DesarrolloSeguro-J-Bueno";
				PRODUCT_NAME = "$(TARGET_NAME)";
				SWIFT_EMIT_LOC_STRINGS = YES;
				SWIFT_VERSION = 5.0;
				TARGETED_DEVICE_FAMILY = "1,2";
			};
			name = Debug;
		};
		429845CC2BF5293400BF95DB /* Release */ = {
			isa = XCBuildConfiguration;
			buildSettings = {
				ASSETCATALOG_COMPILER_APPICON_NAME = AppIcon;
				ASSETCATALOG_COMPILER_GLOBAL_ACCENT_COLOR_NAME = AccentColor;
				CODE_SIGN_STYLE = Automatic;
				CURRENT_PROJECT_VERSION = 1;
				DEVELOPMENT_ASSET_PATHS = "\"Practica_DesarrolloSeguro_J.Bueno/Presentation/Preview Content\"";
				DEVELOPMENT_TEAM = L6V6H2LAL2;
				ENABLE_PREVIEWS = YES;
				GENERATE_INFOPLIST_FILE = YES;
				INFOPLIST_KEY_UIApplicationSceneManifest_Generation = YES;
				INFOPLIST_KEY_UIApplicationSupportsIndirectInputEvents = YES;
				INFOPLIST_KEY_UILaunchScreen_Generation = YES;
				INFOPLIST_KEY_UISupportedInterfaceOrientations_iPad = "UIInterfaceOrientationPortrait UIInterfaceOrientationPortraitUpsideDown UIInterfaceOrientationLandscapeLeft UIInterfaceOrientationLandscapeRight";
				INFOPLIST_KEY_UISupportedInterfaceOrientations_iPhone = "UIInterfaceOrientationPortrait UIInterfaceOrientationLandscapeLeft UIInterfaceOrientationLandscapeRight";
				LD_RUNPATH_SEARCH_PATHS = (
					"$(inherited)",
					"@executable_path/Frameworks",
				);
				MARKETING_VERSION = 1.0;
				PRODUCT_BUNDLE_IDENTIFIER = "J.B.C..Practica-DesarrolloSeguro-J-Bueno";
				PRODUCT_NAME = "$(TARGET_NAME)";
				SWIFT_EMIT_LOC_STRINGS = YES;
				SWIFT_VERSION = 5.0;
				TARGETED_DEVICE_FAMILY = "1,2";
			};
			name = Release;
		};
/* End XCBuildConfiguration section */

/* Begin XCConfigurationList section */
		429845B72BF5293100BF95DB /* Build configuration list for PBXProject "Practica_DesarrolloSeguro_J.Bueno" */ = {
			isa = XCConfigurationList;
			buildConfigurations = (
				429845C82BF5293400BF95DB /* Debug */,
				429845C92BF5293400BF95DB /* Release */,
			);
			defaultConfigurationIsVisible = 0;
			defaultConfigurationName = Release;
		};
		429845CA2BF5293400BF95DB /* Build configuration list for PBXNativeTarget "Practica_DesarrolloSeguro_J.Bueno" */ = {
			isa = XCConfigurationList;
			buildConfigurations = (
				429845CB2BF5293400BF95DB /* Debug */,
				429845CC2BF5293400BF95DB /* Release */,
			);
			defaultConfigurationIsVisible = 0;
			defaultConfigurationName = Release;
		};
/* End XCConfigurationList section */

/* Begin XCRemoteSwiftPackageReference section */
		422616262BFA04AF004A5537 /* XCRemoteSwiftPackageReference "SwiftSVG" */ = {
			isa = XCRemoteSwiftPackageReference;
			repositoryURL = "git@github.com:mchoe/SwiftSVG.git";
			requirement = {
				branch = master;
				kind = branch;
			};
		};
/* End XCRemoteSwiftPackageReference section */

/* Begin XCSwiftPackageProductDependency section */
		422616272BFA04AF004A5537 /* SwiftSVG */ = {
			isa = XCSwiftPackageProductDependency;
			package = 422616262BFA04AF004A5537 /* XCRemoteSwiftPackageReference "SwiftSVG" */;
			productName = SwiftSVG;
		};
/* End XCSwiftPackageProductDependency section */
	};
	rootObject = 429845B42BF5293100BF95DB /* Project object */;
}
