{
  "originHash" : "d7003033809a1a8cbb0b6409e2451cce27b850c4a136345bbf0521e34810091f",
  "pins" : [
    {
      "identity" : "swiftsvg",
      "kind" : "remoteSourceControl",
      "location" : "git@github.com:mchoe/SwiftSVG.git",
      "state" : {
        "branch" : "master",
        "revision" : "88b9ee086b29019e35f6f49c8e30e5552eb8fa9d"
      }
    }
  ],
  "version" : 3
}
